// !$*UTF8*$!
{
	archiveVersion = 1;
	classes = {
	};
	objectVersion = 50;
	objects = {

/* Begin PBXBuildFile section */
		5985419126BBC92D0057BF3B /* MatchedGeoEffectApp.swift in Sources */ = {isa = PBXBuildFile; fileRef = 5985419026BBC92D0057BF3B /* MatchedGeoEffectApp.swift */; };
		5985419326BBC92D0057BF3B /* ContentView.swift in Sources */ = {isa = PBXBuildFile; fileRef = 5985419226BBC92D0057BF3B /* ContentView.swift */; };
		5985419526BBC92E0057BF3B /* Assets.xcassets in Resources */ = {isa = PBXBuildFile; fileRef = 5985419426BBC92E0057BF3B /* Assets.xcassets */; };
		5985419826BBC92E0057BF3B /* Preview Assets.xcassets in Resources */ = {isa = PBXBuildFile; fileRef = 5985419726BBC92E0057BF3B /* Preview Assets.xcassets */; };
		59B5A93F26BC6EB000E74861 /* UnwrappingFields.swift in Sources */ = {isa = PBXBuildFile; fileRef = 59B5A93E26BC6EB000E74861 /* UnwrappingFields.swift */; };
		59B5A94126BC6FC500E74861 /* AppleMusicPlayer.swift in Sources */ = {isa = PBXBuildFile; fileRef = 59B5A94026BC6FC500E74861 /* AppleMusicPlayer.swift */; };
		59B5A94426BC84AE00E74861 /* GridExpandingItems.swift in Sources */ = {isa = PBXBuildFile; fileRef = 59B5A94326BC84AE00E74861 /* GridExpandingItems.swift */; };
		59B5A95D26BEDC7600E74861 /* Pickers.swift in Sources */ = {isa = PBXBuildFile; fileRef = 59B5A95C26BEDC7600E74861 /* Pickers.swift */; };
		59B5A95F26BEEB1B00E74861 /* Layouts.swift in Sources */ = {isa = PBXBuildFile; fileRef = 59B5A95E26BEEB1B00E74861 /* Layouts.swift */; };
		90C5689426D909270004EEF0 /* CardDrawer.swift in Sources */ = {isa = PBXBuildFile; fileRef = 90C5689326D909270004EEF0 /* CardDrawer.swift */; };
		90E8CB2626E147E900711CE4 /* TwoViewsTransition.swift in Sources */ = {isa = PBXBuildFile; fileRef = 90E8CB2526E147E900711CE4 /* TwoViewsTransition.swift */; };
		90E8CB2826E14AA300711CE4 /* ViewGuidedBySource.swift in Sources */ = {isa = PBXBuildFile; fileRef = 90E8CB2726E14AA300711CE4 /* ViewGuidedBySource.swift */; };
		90E8CB2A26E165C100711CE4 /* Limitations.swift in Sources */ = {isa = PBXBuildFile; fileRef = 90E8CB2926E165C100711CE4 /* Limitations.swift */; };
/* End PBXBuildFile section */

/* Begin PBXFileReference section */
		5985418D26BBC92D0057BF3B /* MatchedGeoEffect.app */ = {isa = PBXFileReference; explicitFileType = wrapper.application; includeInIndex = 0; path = MatchedGeoEffect.app; sourceTree = BUILT_PRODUCTS_DIR; };
		5985419026BBC92D0057BF3B /* MatchedGeoEffectApp.swift */ = {isa = PBXFileReference; lastKnownFileType = sourcecode.swift; path = MatchedGeoEffectApp.swift; sourceTree = "<group>"; };
		5985419226BBC92D0057BF3B /* ContentView.swift */ = {isa = PBXFileReference; lastKnownFileType = sourcecode.swift; path = ContentView.swift; sourceTree = "<group>"; };
		5985419426BBC92E0057BF3B /* Assets.xcassets */ = {isa = PBXFileReference; lastKnownFileType = folder.assetcatalog; path = Assets.xcassets; sourceTree = "<group>"; };
		5985419726BBC92E0057BF3B /* Preview Assets.xcassets */ = {isa = PBXFileReference; lastKnownFileType = folder.assetcatalog; path = "Preview Assets.xcassets"; sourceTree = "<group>"; };
		5985419926BBC92E0057BF3B /* Info.plist */ = {isa = PBXFileReference; lastKnownFileType = text.plist.xml; path = Info.plist; sourceTree = "<group>"; };
		59B5A93E26BC6EB000E74861 /* UnwrappingFields.swift */ = {isa = PBXFileReference; lastKnownFileType = sourcecode.swift; path = UnwrappingFields.swift; sourceTree = "<group>"; };
		59B5A94026BC6FC500E74861 /* AppleMusicPlayer.swift */ = {isa = PBXFileReference; lastKnownFileType = sourcecode.swift; path = AppleMusicPlayer.swift; sourceTree = "<group>"; };
		59B5A94326BC84AE00E74861 /* GridExpandingItems.swift */ = {isa = PBXFileReference; lastKnownFileType = sourcecode.swift; path = GridExpandingItems.swift; sourceTree = "<group>"; };
		59B5A95C26BEDC7600E74861 /* Pickers.swift */ = {isa = PBXFileReference; lastKnownFileType = sourcecode.swift; path = Pickers.swift; sourceTree = "<group>"; };
		59B5A95E26BEEB1B00E74861 /* Layouts.swift */ = {isa = PBXFileReference; lastKnownFileType = sourcecode.swift; path = Layouts.swift; sourceTree = "<group>"; };
		90C5689326D909270004EEF0 /* CardDrawer.swift */ = {isa = PBXFileReference; lastKnownFileType = sourcecode.swift; path = CardDrawer.swift; sourceTree = "<group>"; };
		90E8CB2526E147E900711CE4 /* TwoViewsTransition.swift */ = {isa = PBXFileReference; lastKnownFileType = sourcecode.swift; path = TwoViewsTransition.swift; sourceTree = "<group>"; };
		90E8CB2726E14AA300711CE4 /* ViewGuidedBySource.swift */ = {isa = PBXFileReference; lastKnownFileType = sourcecode.swift; path = ViewGuidedBySource.swift; sourceTree = "<group>"; };
		90E8CB2926E165C100711CE4 /* Limitations.swift */ = {isa = PBXFileReference; lastKnownFileType = sourcecode.swift; path = Limitations.swift; sourceTree = "<group>"; };
/* End PBXFileReference section */

/* Begin PBXFrameworksBuildPhase section */
		5985418A26BBC92D0057BF3B /* Frameworks */ = {
			isa = PBXFrameworksBuildPhase;
			buildActionMask = 2147483647;
			files = (
			);
			runOnlyForDeploymentPostprocessing = 0;
		};
/* End PBXFrameworksBuildPhase section */

/* Begin PBXGroup section */
		5985418426BBC92C0057BF3B = {
			isa = PBXGroup;
			children = (
				5985418F26BBC92D0057BF3B /* MatchedGeoEffect */,
				5985418E26BBC92D0057BF3B /* Products */,
			);
			sourceTree = "<group>";
		};
		5985418E26BBC92D0057BF3B /* Products */ = {
			isa = PBXGroup;
			children = (
				5985418D26BBC92D0057BF3B /* MatchedGeoEffect.app */,
			);
			name = Products;
			sourceTree = "<group>";
		};
		5985418F26BBC92D0057BF3B /* MatchedGeoEffect */ = {
			isa = PBXGroup;
			children = (
				5985419026BBC92D0057BF3B /* MatchedGeoEffectApp.swift */,
				5985419226BBC92D0057BF3B /* ContentView.swift */,
				59B5A94226BC712C00E74861 /* Views */,
				5985419426BBC92E0057BF3B /* Assets.xcassets */,
				5985419926BBC92E0057BF3B /* Info.plist */,
				5985419626BBC92E0057BF3B /* Preview Content */,
			);
			path = MatchedGeoEffect;
			sourceTree = "<group>";
		};
		5985419626BBC92E0057BF3B /* Preview Content */ = {
			isa = PBXGroup;
			children = (
				5985419726BBC92E0057BF3B /* Preview Assets.xcassets */,
			);
			path = "Preview Content";
			sourceTree = "<group>";
		};
		59B5A94226BC712C00E74861 /* Views */ = {
			isa = PBXGroup;
			children = (
				90E8CB2526E147E900711CE4 /* TwoViewsTransition.swift */,
				90E8CB2726E14AA300711CE4 /* ViewGuidedBySource.swift */,
				90E8CB2926E165C100711CE4 /* Limitations.swift */,
				90E8CB2426E147AF00711CE4 /* More Examples */,
			);
			path = Views;
			sourceTree = "<group>";
		};
		90E8CB2426E147AF00711CE4 /* More Examples */ = {
			isa = PBXGroup;
			children = (
				59B5A95C26BEDC7600E74861 /* Pickers.swift */,
				90C5689326D909270004EEF0 /* CardDrawer.swift */,
				59B5A93E26BC6EB000E74861 /* UnwrappingFields.swift */,
				59B5A94026BC6FC500E74861 /* AppleMusicPlayer.swift */,
				59B5A94326BC84AE00E74861 /* GridExpandingItems.swift */,
				59B5A95E26BEEB1B00E74861 /* Layouts.swift */,
			);
			path = "More Examples";
			sourceTree = "<group>";
		};
/* End PBXGroup section */

/* Begin PBXNativeTarget section */
		5985418C26BBC92D0057BF3B /* MatchedGeoEffect */ = {
			isa = PBXNativeTarget;
			buildConfigurationList = 5985419C26BBC92E0057BF3B /* Build configuration list for PBXNativeTarget "MatchedGeoEffect" */;
			buildPhases = (
				5985418926BBC92D0057BF3B /* Sources */,
				5985418A26BBC92D0057BF3B /* Frameworks */,
				5985418B26BBC92D0057BF3B /* Resources */,
			);
			buildRules = (
			);
			dependencies = (
			);
			name = MatchedGeoEffect;
			productName = MatchedGeoEffect;
			productReference = 5985418D26BBC92D0057BF3B /* MatchedGeoEffect.app */;
			productType = "com.apple.product-type.application";
		};
/* End PBXNativeTarget section */

/* Begin PBXProject section */
		5985418526BBC92C0057BF3B /* Project object */ = {
			isa = PBXProject;
			attributes = {
				LastSwiftUpdateCheck = 1250;
				LastUpgradeCheck = 1250;
				TargetAttributes = {
					5985418C26BBC92D0057BF3B = {
						CreatedOnToolsVersion = 12.5.1;
					};
				};
			};
			buildConfigurationList = 5985418826BBC92C0057BF3B /* Build configuration list for PBXProject "MatchedGeoEffect" */;
			compatibilityVersion = "Xcode 9.3";
			developmentRegion = en;
			hasScannedForEncodings = 0;
			knownRegions = (
				en,
				Base,
			);
			mainGroup = 5985418426BBC92C0057BF3B;
			productRefGroup = 5985418E26BBC92D0057BF3B /* Products */;
			projectDirPath = "";
			projectRoot = "";
			targets = (
				5985418C26BBC92D0057BF3B /* MatchedGeoEffect */,
			);
		};
/* End PBXProject section */

/* Begin PBXResourcesBuildPhase section */
		5985418B26BBC92D0057BF3B /* Resources */ = {
			isa = PBXResourcesBuildPhase;
			buildActionMask = 2147483647;
			files = (
				5985419826BBC92E0057BF3B /* Preview Assets.xcassets in Resources */,
				5985419526BBC92E0057BF3B /* Assets.xcassets in Resources */,
			);
			runOnlyForDeploymentPostprocessing = 0;
		};
/* End PBXResourcesBuildPhase section */

/* Begin PBXSourcesBuildPhase section */
		5985418926BBC92D0057BF3B /* Sources */ = {
			isa = PBXSourcesBuildPhase;
			buildActionMask = 2147483647;
			files = (
				59B5A95D26BEDC7600E74861 /* Pickers.swift in Sources */,
				59B5A95F26BEEB1B00E74861 /* Layouts.swift in Sources */,
				90E8CB2826E14AA300711CE4 /* ViewGuidedBySource.swift in Sources */,
				90E8CB2A26E165C100711CE4 /* Limitations.swift in Sources */,
				5985419326BBC92D0057BF3B /* ContentView.swift in Sources */,
				90C5689426D909270004EEF0 /* CardDrawer.swift in Sources */,
				59B5A94126BC6FC500E74861 /* AppleMusicPlayer.swift in Sources */,
				59B5A94426BC84AE00E74861 /* GridExpandingItems.swift in Sources */,
				59B5A93F26BC6EB000E74861 /* UnwrappingFields.swift in Sources */,
				90E8CB2626E147E900711CE4 /* TwoViewsTransition.swift in Sources */,
				5985419126BBC92D0057BF3B /* MatchedGeoEffectApp.swift in Sources */,
			);
			runOnlyForDeploymentPostprocessing = 0;
		};
/* End PBXSourcesBuildPhase section */

/* Begin XCBuildConfiguration section */
		5985419A26BBC92E0057BF3B /* Debug */ = {
			isa = XCBuildConfiguration;
			buildSettings = {
				ALWAYS_SEARCH_USER_PATHS = NO;
				CLANG_ANALYZER_NONNULL = YES;
				CLANG_ANALYZER_NUMBER_OBJECT_CONVERSION = YES_AGGRESSIVE;
				CLANG_CXX_LANGUAGE_STANDARD = "gnu++14";
				CLANG_CXX_LIBRARY = "libc++";
				CLANG_ENABLE_MODULES = YES;
				CLANG_ENABLE_OBJC_ARC = YES;
				CLANG_ENABLE_OBJC_WEAK = YES;
				CLANG_WARN_BLOCK_CAPTURE_AUTORELEASING = YES;
				CLANG_WARN_BOOL_CONVERSION = YES;
				CLANG_WARN_COMMA = YES;
				CLANG_WARN_CONSTANT_CONVERSION = YES;
				CLANG_WARN_DEPRECATED_OBJC_IMPLEMENTATIONS = YES;
				CLANG_WARN_DIRECT_OBJC_ISA_USAGE = YES_ERROR;
				CLANG_WARN_DOCUMENTATION_COMMENTS = YES;
				CLANG_WARN_EMPTY_BODY = YES;
				CLANG_WARN_ENUM_CONVERSION = YES;
				CLANG_WARN_INFINITE_RECURSION = YES;
				CLANG_WARN_INT_CONVERSION = YES;
				CLANG_WARN_NON_LITERAL_NULL_CONVERSION = YES;
				CLANG_WARN_OBJC_IMPLICIT_RETAIN_SELF = YES;
				CLANG_WARN_OBJC_LITERAL_CONVERSION = YES;
				CLANG_WARN_OBJC_ROOT_CLASS = YES_ERROR;
				CLANG_WARN_QUOTED_INCLUDE_IN_FRAMEWORK_HEADER = YES;
				CLANG_WARN_RANGE_LOOP_ANALYSIS = YES;
				CLANG_WARN_STRICT_PROTOTYPES = YES;
				CLANG_WARN_SUSPICIOUS_MOVE = YES;
				CLANG_WARN_UNGUARDED_AVAILABILITY = YES_AGGRESSIVE;
				CLANG_WARN_UNREACHABLE_CODE = YES;
				CLANG_WARN__DUPLICATE_METHOD_MATCH = YES;
				COPY_PHASE_STRIP = NO;
				DEBUG_INFORMATION_FORMAT = dwarf;
				ENABLE_STRICT_OBJC_MSGSEND = YES;
				ENABLE_TESTABILITY = YES;
				GCC_C_LANGUAGE_STANDARD = gnu11;
				GCC_DYNAMIC_NO_PIC = NO;
				GCC_NO_COMMON_BLOCKS = YES;
				GCC_OPTIMIZATION_LEVEL = 0;
				GCC_PREPROCESSOR_DEFINITIONS = (
					"DEBUG=1",
					"$(inherited)",
				);
				GCC_WARN_64_TO_32_BIT_CONVERSION = YES;
				GCC_WARN_ABOUT_RETURN_TYPE = YES_ERROR;
				GCC_WARN_UNDECLARED_SELECTOR = YES;
				GCC_WARN_UNINITIALIZED_AUTOS = YES_AGGRESSIVE;
				GCC_WARN_UNUSED_FUNCTION = YES;
				GCC_WARN_UNUSED_VARIABLE = YES;
				IPHONEOS_DEPLOYMENT_TARGET = 14.5;
				MTL_ENABLE_DEBUG_INFO = INCLUDE_SOURCE;
				MTL_FAST_MATH = YES;
				ONLY_ACTIVE_ARCH = YES;
				SDKROOT = iphoneos;
				SWIFT_ACTIVE_COMPILATION_CONDITIONS = DEBUG;
				SWIFT_OPTIMIZATION_LEVEL = "-Onone";
			};
			name = Debug;
		};
		5985419B26BBC92E0057BF3B /* Release */ = {
			isa = XCBuildConfiguration;
			buildSettings = {
				ALWAYS_SEARCH_USER_PATHS = NO;
				CLANG_ANALYZER_NONNULL = YES;
				CLANG_ANALYZER_NUMBER_OBJECT_CONVERSION = YES_AGGRESSIVE;
				CLANG_CXX_LANGUAGE_STANDARD = "gnu++14";
				CLANG_CXX_LIBRARY = "libc++";
				CLANG_ENABLE_MODULES = YES;
				CLANG_ENABLE_OBJC_ARC = YES;
				CLANG_ENABLE_OBJC_WEAK = YES;
				CLANG_WARN_BLOCK_CAPTURE_AUTORELEASING = YES;
				CLANG_WARN_BOOL_CONVERSION = YES;
				CLANG_WARN_COMMA = YES;
				CLANG_WARN_CONSTANT_CONVERSION = YES;
				CLANG_WARN_DEPRECATED_OBJC_IMPLEMENTATIONS = YES;
				CLANG_WARN_DIRECT_OBJC_ISA_USAGE = YES_ERROR;
				CLANG_WARN_DOCUMENTATION_COMMENTS = YES;
				CLANG_WARN_EMPTY_BODY = YES;
				CLANG_WARN_ENUM_CONVERSION = YES;
				CLANG_WARN_INFINITE_RECURSION = YES;
				CLANG_WARN_INT_CONVERSION = YES;
				CLANG_WARN_NON_LITERAL_NULL_CONVERSION = YES;
				CLANG_WARN_OBJC_IMPLICIT_RETAIN_SELF = YES;
				CLANG_WARN_OBJC_LITERAL_CONVERSION = YES;
				CLANG_WARN_OBJC_ROOT_CLASS = YES_ERROR;
				CLANG_WARN_QUOTED_INCLUDE_IN_FRAMEWORK_HEADER = YES;
				CLANG_WARN_RANGE_LOOP_ANALYSIS = YES;
				CLANG_WARN_STRICT_PROTOTYPES = YES;
				CLANG_WARN_SUSPICIOUS_MOVE = YES;
				CLANG_WARN_UNGUARDED_AVAILABILITY = YES_AGGRESSIVE;
				CLANG_WARN_UNREACHABLE_CODE = YES;
				CLANG_WARN__DUPLICATE_METHOD_MATCH = YES;
				COPY_PHASE_STRIP = NO;
				DEBUG_INFORMATION_FORMAT = "dwarf-with-dsym";
				ENABLE_NS_ASSERTIONS = NO;
				ENABLE_STRICT_OBJC_MSGSEND = YES;
				GCC_C_LANGUAGE_STANDARD = gnu11;
				GCC_NO_COMMON_BLOCKS = YES;
				GCC_WARN_64_TO_32_BIT_CONVERSION = YES;
				GCC_WARN_ABOUT_RETURN_TYPE = YES_ERROR;
				GCC_WARN_UNDECLARED_SELECTOR = YES;
				GCC_WARN_UNINITIALIZED_AUTOS = YES_AGGRESSIVE;
				GCC_WARN_UNUSED_FUNCTION = YES;
				GCC_WARN_UNUSED_VARIABLE = YES;
				IPHONEOS_DEPLOYMENT_TARGET = 14.5;
				MTL_ENABLE_DEBUG_INFO = NO;
				MTL_FAST_MATH = YES;
				SDKROOT = iphoneos;
				SWIFT_COMPILATION_MODE = wholemodule;
				SWIFT_OPTIMIZATION_LEVEL = "-O";
				VALIDATE_PRODUCT = YES;
			};
			name = Release;
		};
		5985419D26BBC92E0057BF3B /* Debug */ = {
			isa = XCBuildConfiguration;
			buildSettings = {
				ASSETCATALOG_COMPILER_APPICON_NAME = AppIcon;
				ASSETCATALOG_COMPILER_GLOBAL_ACCENT_COLOR_NAME = AccentColor;
				CODE_SIGN_STYLE = Automatic;
				DEVELOPMENT_ASSET_PATHS = "\"MatchedGeoEffect/Preview Content\"";
				DEVELOPMENT_TEAM = 89EXPD2XDP;
				ENABLE_PREVIEWS = YES;
				INFOPLIST_FILE = MatchedGeoEffect/Info.plist;
				IPHONEOS_DEPLOYMENT_TARGET = 14.0;
				LD_RUNPATH_SEARCH_PATHS = (
					"$(inherited)",
					"@executable_path/Frameworks",
				);
				PRODUCT_BUNDLE_IDENTIFIER = com.kaww.MatchedGeoEffect;
				PRODUCT_NAME = "$(TARGET_NAME)";
				SWIFT_VERSION = 5.0;
				TARGETED_DEVICE_FAMILY = "1,2";
			};
			name = Debug;
		};
		5985419E26BBC92E0057BF3B /* Release */ = {
			isa = XCBuildConfiguration;
			buildSettings = {
				ASSETCATALOG_COMPILER_APPICON_NAME = AppIcon;
				ASSETCATALOG_COMPILER_GLOBAL_ACCENT_COLOR_NAME = AccentColor;
				CODE_SIGN_STYLE = Automatic;
				DEVELOPMENT_ASSET_PATHS = "\"MatchedGeoEffect/Preview Content\"";
				DEVELOPMENT_TEAM = 89EXPD2XDP;
				ENABLE_PREVIEWS = YES;
				INFOPLIST_FILE = MatchedGeoEffect/Info.plist;
				IPHONEOS_DEPLOYMENT_TARGET = 14.0;
				LD_RUNPATH_SEARCH_PATHS = (
					"$(inherited)",
					"@executable_path/Frameworks",
				);
				PRODUCT_BUNDLE_IDENTIFIER = com.kaww.MatchedGeoEffect;
				PRODUCT_NAME = "$(TARGET_NAME)";
				SWIFT_VERSION = 5.0;
				TARGETED_DEVICE_FAMILY = "1,2";
			};
			name = Release;
		};
/* End XCBuildConfiguration section */

/* Begin XCConfigurationList section */
		5985418826BBC92C0057BF3B /* Build configuration list for PBXProject "MatchedGeoEffect" */ = {
			isa = XCConfigurationList;
			buildConfigurations = (
				5985419A26BBC92E0057BF3B /* Debug */,
				5985419B26BBC92E0057BF3B /* Release */,
			);
			defaultConfigurationIsVisible = 0;
			defaultConfigurationName = Release;
		};
		5985419C26BBC92E0057BF3B /* Build configuration list for PBXNativeTarget "MatchedGeoEffect" */ = {
			isa = XCConfigurationList;
			buildConfigurations = (
				5985419D26BBC92E0057BF3B /* Debug */,
				5985419E26BBC92E0057BF3B /* Release */,
			);
			defaultConfigurationIsVisible = 0;
			defaultConfigurationName = Release;
		};
/* End XCConfigurationList section */
	};
	rootObject = 5985418526BBC92C0057BF3B /* Project object */;
}
